{
  "name": "dex-import",
  "version": "1.0.0",
  "lockfileVersion": 3,
  "requires": true,
  "packages": {
    "": {
      "name": "dex-import",
      "version": "1.0.0",
      "dependencies": {
        "@pkmn/data": "^0.10.10",
        "@pkmn/dex": "^0.10.10",
        "@pkmn/randoms": "^0.10.10"
      }
    },
    "node_modules/@pkmn/data": {
      "version": "0.10.10",
      "resolved": "https://registry.npmjs.org/@pkmn/data/-/data-0.10.10.tgz",
      "integrity": "sha512-5EsAgMCUljqQYpadoVYl3jGcJfkG6gDMENdfkvYxz/Jx569D9Y2RNhHCfld1ir2ADZEpF8kZzokEmFeavFzWXQ==",
      "license": "MIT",
      "dependencies": {
        "@pkmn/dex-types": "^0.10.10"
      }
    },
    "node_modules/@pkmn/dex": {
      "version": "0.10.10",
      "resolved": "https://registry.npmjs.org/@pkmn/dex/-/dex-0.10.10.tgz",
      "integrity": "sha512-Hlw+HHaizSeVW/qsaUElnpV8jG93GIAy/c6QuH1cnLy2mplkQ3JxkxIIbIxR5bX5yEhjeXnpAeS7oStVp+Tl8A==",
      "license": "MIT",
      "dependencies": {
        "@pkmn/dex-types": "^0.10.10"
      }
    },
    "node_modules/@pkmn/dex-types": {
      "version": "0.10.10",
      "resolved": "https://registry.npmjs.org/@pkmn/dex-types/-/dex-types-0.10.10.tgz",
      "integrity": "sha512-6tXyvC+xNhDqzbnOriNIF8RqQf/FevfLeJmuXTsFZYNkQjhE4JS6JVUcJCVpq8Aj86tmJqPFRVRZp5v8ZPFwyg==",
      "license": "MIT",
      "dependencies": {
        "@pkmn/types": "^4.0.0"
      }
    },
    "node_modules/@pkmn/randoms": {
      "version": "0.10.10",
      "resolved": "https://registry.npmjs.org/@pkmn/randoms/-/randoms-0.10.10.tgz",
      "integrity": "sha512-fq3WqCSZhlFevM5c5oGJCJbqHueVHQAzc97bt6X4CtY3y3DJnbCGEfLE8pkU40JUOzIll9mj/FMd/yUZB3yFwQ==",
      "license": "MIT",
      "dependencies": {
        "@pkmn/sim": "^0.10.10"
      }
    },
    "node_modules/@pkmn/sets": {
      "version": "5.2.0",
      "resolved": "https://registry.npmjs.org/@pkmn/sets/-/sets-5.2.0.tgz",
      "integrity": "sha512-WHAW6bZu0WCo/3b+LTW7BE0fBhYZnWH1lCXIu2an8/wTiZ/+s1eTcQYj7W/YQKxWT5dm/La03AZ6CeqdJip9CQ==",
      "license": "MIT",
      "dependencies": {
        "@pkmn/types": "^4.0.0"
      }
    },
    "node_modules/@pkmn/sim": {
      "version": "0.10.10",
      "resolved": "https://registry.npmjs.org/@pkmn/sim/-/sim-0.10.10.tgz",
      "integrity": "sha512-l0gl0rQGo5Ddr3oF7RD20TeTzZ5irmGoErEC2QvBl3bEse4690oadxGbSfDh8h8GvMsyDp+IZmmYChLgFrTgrA==",
      "license": "MIT",
      "dependencies": {
        "@pkmn/sets": "^5.2.0",
        "@pkmn/streams": "^1.1.0",
        "ts-chacha20": "^1.2.0"
      }
    },
    "node_modules/@pkmn/streams": {
      "version": "1.1.0",
      "resolved": "https://registry.npmjs.org/@pkmn/streams/-/streams-1.1.0.tgz",
      "integrity": "sha512-Pp9k7gt4xd76DqTU+LQEUyzuaauM4bV1MlehVtX1NS7o9zMFtjw50MfaEQ62dIMZyzxNjsJGoLGBeY1iSYLsRA==",
      "license": "MIT"
    },
    "node_modules/@pkmn/types": {
      "version": "4.0.0",
      "resolved": "https://registry.npmjs.org/@pkmn/types/-/types-4.0.0.tgz",
      "integrity": "sha512-gR2s/pxJYEegek1TtsYCQupNR3d5hMlcJFsiD+2LyfKr4tc+gETTql47tWLX5mFSbPcbXh7f4+7txlMIDoZx/g==",
      "license": "MIT"
    },
    "node_modules/ts-chacha20": {
      "version": "1.2.0",
      "resolved": "https://registry.npmjs.org/ts-chacha20/-/ts-chacha20-1.2.0.tgz",
      "integrity": "sha512-PTyPoWYHc2we8P2NTn5hpYG211popWbkjiw+k63xqjeMrx9pPtXSclz9F3fu0Tpr+vfR1xxcQFwsEkh1cXMLqw==",
      "license": "MIT"
    }
  }
}
